
Microsoft Visual Studio Solution File, Format Version 12.00
# Visual Studio Version 17
VisualStudioVersion = 17.14.37301.10 d17.14
MinimumVisualStudioVersion = 10.0.40219.1
Project("{FAE04EC0-301F-11D3-BF4B-00C04F79EFBC}") = "SchoolAPI", "SchoolAPI\SchoolAPI.csproj", "{F4973F8F-600D-4184-8AC3-7BA34A762933}"
EndProject
Global
	GlobalSection(SolutionConfigurationPlatforms) = preSolution
		Debug|Any CPU = Debug|Any CPU
		Release|Any CPU = Release|Any CPU
	EndGlobalSection
	GlobalSection(ProjectConfigurationPlatforms) = postSolution
		{F4973F8F-600D-4184-8AC3-7BA34A762933}.Debug|Any CPU.ActiveCfg = Debug|Any CPU
		{F4973F8F-600D-4184-8AC3-7BA34A762933}.Debug|Any CPU.Build.0 = Debug|Any CPU
		{F4973F8F-600D-4184-8AC3-7BA34A762933}.Release|Any CPU.ActiveCfg = Release|Any CPU
		{F4973F8F-600D-4184-8AC3-7BA34A762933}.Release|Any CPU.Build.0 = Release|Any CPU
	EndGlobalSection
	GlobalSection(SolutionProperties) = preSolution
		HideSolutionNode = FALSE
	EndGlobalSection
	GlobalSection(ExtensibilityGlobals) = postSolution
		SolutionGuid = {43F47F93-8F71-415C-8BE2-AE938CAA5C0C}
	EndGlobalSection
EndGlobal
